
Microsoft Visual Studio Solution File, Format Version 12.00
# Visual Studio 15
VisualStudioVersion = 15.0.28307.572
MinimumVisualStudioVersion = 10.0.40219.1
Project("{9092AA53-FB77-4645-B42D-1CCCA6BD08BD}") = "NodejsSQL", "NodejsSQL\NodejsSQL.njsproj", "{A73EEE7C-49CE-4C69-AA44-2F105A81D222}"
EndProject
Global
	GlobalSection(SolutionConfigurationPlatforms) = preSolution
		Debug|Any CPU = Debug|Any CPU
		Release|Any CPU = Release|Any CPU
	EndGlobalSection
	GlobalSection(ProjectConfigurationPlatforms) = postSolution
		{A73EEE7C-49CE-4C69-AA44-2F105A81D222}.Debug|Any CPU.ActiveCfg = Debug|Any CPU
		{A73EEE7C-49CE-4C69-AA44-2F105A81D222}.Debug|Any CPU.Build.0 = Debug|Any CPU
		{A73EEE7C-49CE-4C69-AA44-2F105A81D222}.Release|Any CPU.ActiveCfg = Release|Any CPU
		{A73EEE7C-49CE-4C69-AA44-2F105A81D222}.Release|Any CPU.Build.0 = Release|Any CPU
	EndGlobalSection
	GlobalSection(SolutionProperties) = preSolution
		HideSolutionNode = FALSE
	EndGlobalSection
	GlobalSection(ExtensibilityGlobals) = postSolution
		SolutionGuid = {46BFF9FA-6DB1-4C59-9F96-698C9078CE3C}
	EndGlobalSection
EndGlobal
